{
  "name": "configs",
  "version": "0.0.0",
  "lockfileVersion": 3,
  "requires": true,
  "packages": {
    "": {
      "name": "configs",
      "version": "0.0.0",
      "dependencies": {
        "@octokit/core": "^6.0.1",
        "libsodium-wrappers": "^0.7.13"
      }
    },
    "node_modules/@octokit/auth-token": {
      "version": "5.0.0",
      "resolved": "https://registry.npmjs.org/@octokit/auth-token/-/auth-token-5.0.0.tgz",
      "integrity": "sha512-JpQdKWTuu79A6YDaOfl9/HFvdhEwlRSTE/MFLGl8eU+XK6jIuqhxEftJNDpQjem1J7GLcs+4sapP1JXNPTDP/A==",
      "engines": {
        "node": ">= 18"
      }
    },
    "node_modules/@octokit/core": {
      "version": "6.0.1",
      "resolved": "https://registry.npmjs.org/@octokit/core/-/core-6.0.1.tgz",
      "integrity": "sha512-MIpPQXu8Y8GjHwXM81JLveiV+DHJZtLMcB5nKekBGOl3iAtk0HT3i12Xl8Biybu+bCS1+k4qbuKEq5d0RxNRnQ==",
      "dependencies": {
        "@octokit/auth-token": "^5.0.0",
        "@octokit/graphql": "^8.0.0",
        "@octokit/request": "^9.0.0",
        "@octokit/request-error": "^6.0.1",
        "@octokit/types": "^12.0.0",
        "before-after-hook": "^3.0.2",
        "universal-user-agent": "^7.0.0"
      },
      "engines": {
        "node": ">= 18"
      }
    },
    "node_modules/@octokit/endpoint": {
      "version": "10.0.0",
      "resolved": "https://registry.npmjs.org/@octokit/endpoint/-/endpoint-10.0.0.tgz",
      "integrity": "sha512-emBcNDxBdC1y3+knJonS5zhUB/CG6TihubxM2U1/pG/Z1y3a4oV0Gzz3lmkCvWWQI6h3tqBAX9MgCBFp+M68Jw==",
      "dependencies": {
        "@octokit/types": "^12.0.0",
        "universal-user-agent": "^7.0.2"
      },
      "engines": {
        "node": ">= 18"
      }
    },
    "node_modules/@octokit/graphql": {
      "version": "8.0.0",
      "resolved": "https://registry.npmjs.org/@octokit/graphql/-/graphql-8.0.0.tgz",
      "integrity": "sha512-9B2HwWSb12ldwrp6pC8BFTsSCeidW7do0lMgWNH65IXRVteN503JJSWPH1VEM+qP8+/Ka1pw3MTs+3Q6Bjqukw==",
      "dependencies": {
        "@octokit/request": "^9.0.0",
        "@octokit/types": "^12.0.0",
        "universal-user-agent": "^7.0.0"
      },
      "engines": {
        "node": ">= 18"
      }
    },
    "node_modules/@octokit/openapi-types": {
      "version": "20.0.0",
      "resolved": "https://registry.npmjs.org/@octokit/openapi-types/-/openapi-types-20.0.0.tgz",
      "integrity": "sha512-EtqRBEjp1dL/15V7WiX5LJMIxxkdiGJnabzYx5Apx4FkQIFgAfKumXeYAqqJCj1s+BMX4cPFIFC4OLCR6stlnA=="
    },
    "node_modules/@octokit/request": {
      "version": "9.0.0",
      "resolved": "https://registry.npmjs.org/@octokit/request/-/request-9.0.0.tgz",
      "integrity": "sha512-hShsrZ40W8dz3TkyD5ifHNcrYfYpYF7Sh2x+ZKafA+eO0zNeKDTsbF1E0xrUf0mVYGeKL+NLMO5SnfAP22l05Q==",
      "dependencies": {
        "@octokit/endpoint": "^10.0.0",
        "@octokit/request-error": "^6.0.1",
        "@octokit/types": "^12.0.0",
        "universal-user-agent": "^7.0.2"
      },
      "engines": {
        "node": ">= 18"
      }
    },
    "node_modules/@octokit/request-error": {
      "version": "6.0.1",
      "resolved": "https://registry.npmjs.org/@octokit/request-error/-/request-error-6.0.1.tgz",
      "integrity": "sha512-EPeILOAEGqwmEG6g7dYlbvqkjJ5nWNcZvQpgeLEn1MieIcJ0xK0CJtvVcIMXqzIM8DOWzvI6zL5FQAwjTvk/Tg==",
      "dependencies": {
        "@octokit/types": "^12.0.0"
      },
      "engines": {
        "node": ">= 18"
      }
    },
    "node_modules/@octokit/types": {
      "version": "12.6.0",
      "resolved": "https://registry.npmjs.org/@octokit/types/-/types-12.6.0.tgz",
      "integrity": "sha512-1rhSOfRa6H9w4YwK0yrf5faDaDTb+yLyBUKOCV4xtCDB5VmIPqd/v9yr9o6SAzOAlRxMiRiCic6JVM1/kunVkw==",
      "dependencies": {
        "@octokit/openapi-types": "^20.0.0"
      }
    },
    "node_modules/before-after-hook": {
      "version": "3.0.2",
      "resolved": "https://registry.npmjs.org/before-after-hook/-/before-after-hook-3.0.2.tgz",
      "integrity": "sha512-Nik3Sc0ncrMK4UUdXQmAnRtzmNQTAAXmXIopizwZ1W1t8QmfJj+zL4OA2I7XPTPW5z5TDqv4hRo/JzouDJnX3A=="
    },
    "node_modules/libsodium": {
      "version": "0.7.13",
      "resolved": "https://registry.npmjs.org/libsodium/-/libsodium-0.7.13.tgz",
      "integrity": "sha512-mK8ju0fnrKXXfleL53vtp9xiPq5hKM0zbDQtcxQIsSmxNgSxqCj6R7Hl9PkrNe2j29T4yoDaF7DJLK9/i5iWUw=="
    },
    "node_modules/libsodium-wrappers": {
      "version": "0.7.13",
      "resolved": "https://registry.npmjs.org/libsodium-wrappers/-/libsodium-wrappers-0.7.13.tgz",
      "integrity": "sha512-kasvDsEi/r1fMzKouIDv7B8I6vNmknXwGiYodErGuESoFTohGSKZplFtVxZqHaoQ217AynyIFgnOVRitpHs0Qw==",
      "dependencies": {
        "libsodium": "^0.7.13"
      }
    },
    "node_modules/universal-user-agent": {
      "version": "7.0.2",
      "resolved": "https://registry.npmjs.org/universal-user-agent/-/universal-user-agent-7.0.2.tgz",
      "integrity": "sha512-0JCqzSKnStlRRQfCdowvqy3cy0Dvtlb8xecj/H8JFZuCze4rwjPZQOgvFvn0Ws/usCHQFGpyr+pB9adaGwXn4Q=="
    }
  }
}
